
Microsoft Visual Studio Solution File, Format Version 12.00
# Visual Studio Version 17
VisualStudioVersion = 17.7.34221.43
MinimumVisualStudioVersion = 10.0.40219.1
Project("{FAE04EC0-301F-11D3-BF4B-00C04F79EFBC}") = "PartyOrganizer", "Assignment4C\PartyOrganizer.csproj", "{5F1F5488-9DD9-4E67-AD93-9BE76D932EAE}"
EndProject
Project("{FAE04EC0-301F-11D3-BF4B-00C04F79EFBC}") = "PhoneBookApp", "PhoneBook\PhoneBookApp.csproj", "{A55FB06D-59AA-4EF8-90ED-2D91226D1B82}"
EndProject
Global
	GlobalSection(SolutionConfigurationPlatforms) = preSolution
		Debug|Any CPU = Debug|Any CPU
		Release|Any CPU = Release|Any CPU
	EndGlobalSection
	GlobalSection(ProjectConfigurationPlatforms) = postSolution
		{5F1F5488-9DD9-4E67-AD93-9BE76D932EAE}.Debug|Any CPU.ActiveCfg = Debug|Any CPU
		{5F1F5488-9DD9-4E67-AD93-9BE76D932EAE}.Debug|Any CPU.Build.0 = Debug|Any CPU
		{5F1F5488-9DD9-4E67-AD93-9BE76D932EAE}.Release|Any CPU.ActiveCfg = Release|Any CPU
		{5F1F5488-9DD9-4E67-AD93-9BE76D932EAE}.Release|Any CPU.Build.0 = Release|Any CPU
		{A55FB06D-59AA-4EF8-90ED-2D91226D1B82}.Debug|Any CPU.ActiveCfg = Debug|Any CPU
		{A55FB06D-59AA-4EF8-90ED-2D91226D1B82}.Debug|Any CPU.Build.0 = Debug|Any CPU
		{A55FB06D-59AA-4EF8-90ED-2D91226D1B82}.Release|Any CPU.ActiveCfg = Release|Any CPU
		{A55FB06D-59AA-4EF8-90ED-2D91226D1B82}.Release|Any CPU.Build.0 = Release|Any CPU
	EndGlobalSection
	GlobalSection(SolutionProperties) = preSolution
		HideSolutionNode = FALSE
	EndGlobalSection
	GlobalSection(ExtensibilityGlobals) = postSolution
		SolutionGuid = {AAF3D289-F6C9-4F45-89EE-0818C06FC190}
	EndGlobalSection
EndGlobal
